{
  "name": "demo_deployment",
  "version": "0.1.0",
  "lockfileVersion": 1,
  "requires": true,
  "dependencies": {
    "@aws-cdk/assets": {
      "version": "1.161.0",
      "resolved": "https://registry.npmjs.org/@aws-cdk/assets/-/assets-1.161.0.tgz",
      "integrity": "sha512-BZf5WgQFXoC28VCLOH0TU4AAT9LP1LfdgPHYuzgoXdeMHDBKCHFirfeMGUxTXDQuIf3qq63DEG/c3/6mQMIVsQ==",
      "requires": {
        "@aws-cdk/core": "1.161.0",
        "@aws-cdk/cx-api": "1.161.0",
        "constructs": "^3.3.69"
      }
    },
    "@aws-cdk/aws-acmpca": {
      "version": "1.161.0",
      "resolved": "https://registry.npmjs.org/@aws-cdk/aws-acmpca/-/aws-acmpca-1.161.0.tgz",
      "integrity": "sha512-XX7pMTFlAfgoSkm+1bj1u++qNxPXZF3nuBYMSECjIJrLCzy18b0ye/5TvEnl0+QQKuf13fiFWjt2QFl5+jDs4Q==",
      "requires": {
        "@aws-cdk/core": "1.161.0",
        "constructs": "^3.3.69"
      }
    },
    "@aws-cdk/aws-apigateway": {
      "version": "1.161.0",
      "resolved": "https://registry.npmjs.org/@aws-cdk/aws-apigateway/-/aws-apigateway-1.161.0.tgz",
      "integrity": "sha512-dVbpYBJOomOiPaFg4LFOfIkGwwRXH+KcblLCJph/+68oQbccJ3oxVikLnnXj8YqhT6H1454d1KkCBPJRFdqyMw==",
      "requires": {
        "@aws-cdk/aws-certificatemanager": "1.161.0",
        "@aws-cdk/aws-cloudwatch": "1.161.0",
        "@aws-cdk/aws-cognito": "1.161.0",
        "@aws-cdk/aws-ec2": "1.161.0",
        "@aws-cdk/aws-elasticloadbalancingv2": "1.161.0",
        "@aws-cdk/aws-iam": "1.161.0",
        "@aws-cdk/aws-lambda": "1.161.0",
        "@aws-cdk/aws-logs": "1.161.0",
        "@aws-cdk/aws-s3": "1.161.0",
        "@aws-cdk/aws-s3-assets": "1.161.0",
        "@aws-cdk/aws-stepfunctions": "1.161.0",
        "@aws-cdk/core": "1.161.0",
        "@aws-cdk/cx-api": "1.161.0",
        "constructs": "^3.3.69"
      }
    },
    "@aws-cdk/aws-applicationautoscaling": {
      "version": "1.161.0",
      "resolved": "https://registry.npmjs.org/@aws-cdk/aws-applicationautoscaling/-/aws-applicationautoscaling-1.161.0.tgz",
      "integrity": "sha512-6sGP2o/7fqqvARLzmDXObyST5GqVhUtZD8T631ILrUPIIRoR93/365J7IVKcDrj8LjO6+Sp65TCdgJM2eLMs6A==",
      "requires": {
        "@aws-cdk/aws-autoscaling-common": "1.161.0",
        "@aws-cdk/aws-cloudwatch": "1.161.0",
        "@aws-cdk/aws-iam": "1.161.0",
        "@aws-cdk/core": "1.161.0",
        "constructs": "^3.3.69"
      }
    },
    "@aws-cdk/aws-autoscaling": {
      "version": "1.161.0",
      "resolved": "https://registry.npmjs.org/@aws-cdk/aws-autoscaling/-/aws-autoscaling-1.161.0.tgz",
      "integrity": "sha512-+JxB2uPcUVV9e0ignb7X1U8zvTRp4WoXtCwQ7qWG6w1OfQBD+Kb/KEdVxv8aN0gkSCQmazlqy20mTHhuSnvOjg==",
      "requires": {
        "@aws-cdk/aws-autoscaling-common": "1.161.0",
        "@aws-cdk/aws-cloudwatch": "1.161.0",
        "@aws-cdk/aws-ec2": "1.161.0",
        "@aws-cdk/aws-elasticloadbalancing": "1.161.0",
        "@aws-cdk/aws-elasticloadbalancingv2": "1.161.0",
        "@aws-cdk/aws-iam": "1.161.0",
        "@aws-cdk/aws-sns": "1.161.0",
        "@aws-cdk/core": "1.161.0",
        "constructs": "^3.3.69"
      }
    },
    "@aws-cdk/aws-autoscaling-common": {
      "version": "1.161.0",
      "resolved": "https://registry.npmjs.org/@aws-cdk/aws-autoscaling-common/-/aws-autoscaling-common-1.161.0.tgz",
      "integrity": "sha512-vnOG+gCmjraN6xBHQcTj/r9dEOrrK0tfxqGlc3tZS+tf6kTjC9UCpypm2ARR4re8ZMkvA7A3PsKnfOH0sAFokg==",
      "requires": {
        "@aws-cdk/aws-iam": "1.161.0",
        "@aws-cdk/core": "1.161.0",
        "constructs": "^3.3.69"
      }
    },
    "@aws-cdk/aws-autoscaling-hooktargets": {
      "version": "1.161.0",
      "resolved": "https://registry.npmjs.org/@aws-cdk/aws-autoscaling-hooktargets/-/aws-autoscaling-hooktargets-1.161.0.tgz",
      "integrity": "sha512-VxrhurCNQcwnwQ6nW9g5E7Zh6a9ZnoshbvCELUhTdPrY0Eo4yewmeUKgMsAm050AXF1ieh5hLnLLCTM73lACTA==",
      "requires": {
        "@aws-cdk/aws-autoscaling": "1.161.0",
        "@aws-cdk/aws-iam": "1.161.0",
        "@aws-cdk/aws-kms": "1.161.0",
        "@aws-cdk/aws-lambda": "1.161.0",
        "@aws-cdk/aws-sns": "1.161.0",
        "@aws-cdk/aws-sns-subscriptions": "1.161.0",
        "@aws-cdk/aws-sqs": "1.161.0",
        "@aws-cdk/core": "1.161.0",
        "constructs": "^3.3.69"
      }
    },
    "@aws-cdk/aws-certificatemanager": {
      "version": "1.161.0",
      "resolved": "https://registry.npmjs.org/@aws-cdk/aws-certificatemanager/-/aws-certificatemanager-1.161.0.tgz",
      "integrity": "sha512-VlVZ7soCSk5eYt9f7ZeYFhqEgFgHcK/cXVGoAfHKexJvHTBax52f4bRqnKh9+HFWbZshD1PAIDej5dd5pEAgfA==",
      "requires": {
        "@aws-cdk/aws-acmpca": "1.161.0",
        "@aws-cdk/aws-cloudwatch": "1.161.0",
        "@aws-cdk/aws-iam": "1.161.0",
        "@aws-cdk/aws-lambda": "1.161.0",
        "@aws-cdk/aws-route53": "1.161.0",
        "@aws-cdk/core": "1.161.0",
        "constructs": "^3.3.69"
      }
    },
    "@aws-cdk/aws-cloudformation": {
      "version": "1.161.0",
      "resolved": "https://registry.npmjs.org/@aws-cdk/aws-cloudformation/-/aws-cloudformation-1.161.0.tgz",
      "integrity": "sha512-ohB2B+XIuUcp3Ib88ZLXtQBLRzzC5Z/g+p844+7z8wJXAzeN08ot/FT9Zj4miPQTSTXK2MWy2b+jDj1XesmQVQ==",
      "requires": {
        "@aws-cdk/aws-iam": "1.161.0",
        "@aws-cdk/aws-lambda": "1.161.0",
        "@aws-cdk/aws-s3": "1.161.0",
        "@aws-cdk/aws-sns": "1.161.0",
        "@aws-cdk/core": "1.161.0",
        "@aws-cdk/cx-api": "1.161.0",
        "constructs": "^3.3.69"
      }
    },
    "@aws-cdk/aws-cloudfront": {
      "version": "1.161.0",
      "resolved": "https://registry.npmjs.org/@aws-cdk/aws-cloudfront/-/aws-cloudfront-1.161.0.tgz",
      "integrity": "sha512-EZ01tq6YHJlzCs+HRjd5NCaTjf/HrVBeXMa73yHvROxqt7o/gjwEQjTP0fl42DpH60YvuugPe8iJE+JVmlA/SA==",
      "requires": {
        "@aws-cdk/aws-certificatemanager": "1.161.0",
        "@aws-cdk/aws-cloudwatch": "1.161.0",
        "@aws-cdk/aws-ec2": "1.161.0",
        "@aws-cdk/aws-iam": "1.161.0",
        "@aws-cdk/aws-kms": "1.161.0",
        "@aws-cdk/aws-lambda": "1.161.0",
        "@aws-cdk/aws-s3": "1.161.0",
        "@aws-cdk/aws-ssm": "1.161.0",
        "@aws-cdk/core": "1.161.0",
        "@aws-cdk/cx-api": "1.161.0",
        "constructs": "^3.3.69"
      }
    },
    "@aws-cdk/aws-cloudwatch": {
      "version": "1.161.0",
      "resolved": "https://registry.npmjs.org/@aws-cdk/aws-cloudwatch/-/aws-cloudwatch-1.161.0.tgz",
      "integrity": "sha512-JyENETmFqOoloAWIBib2ewFbjrksrZNJP8GB99jHSE4wV16gmD0usgPSEztjJvUqejd4rItAz117CrDnBFsiuw==",
      "requires": {
        "@aws-cdk/aws-iam": "1.161.0",
        "@aws-cdk/core": "1.161.0",
        "constructs": "^3.3.69"
      }
    },
    "@aws-cdk/aws-codeartifact": {
      "version": "1.161.0",
      "resolved": "https://registry.npmjs.org/@aws-cdk/aws-codeartifact/-/aws-codeartifact-1.161.0.tgz",
      "integrity": "sha512-3WOR7CP+HhocyvpNKMBbD0K25kFGZAj+WKe4/PZF9er6mQDZSrDj/wom/tik7EyQ4InRYERm6BuM+HyFdh/R/Q==",
      "requires": {
        "@aws-cdk/core": "1.161.0"
      }
    },
    "@aws-cdk/aws-codebuild": {
      "version": "1.161.0",
      "resolved": "https://registry.npmjs.org/@aws-cdk/aws-codebuild/-/aws-codebuild-1.161.0.tgz",
      "integrity": "sha512-1mob8tQaTU9XO0YxOaOvreUq9m55NzA/mA1p9nQ2NuZodL5oae0snN8tv4Yo3aAcI9RIiZrFZcYQsgSdnouFIQ==",
      "requires": {
        "@aws-cdk/assets": "1.161.0",
        "@aws-cdk/aws-cloudwatch": "1.161.0",
        "@aws-cdk/aws-codecommit": "1.161.0",
        "@aws-cdk/aws-codestarnotifications": "1.161.0",
        "@aws-cdk/aws-ec2": "1.161.0",
        "@aws-cdk/aws-ecr": "1.161.0",
        "@aws-cdk/aws-ecr-assets": "1.161.0",
        "@aws-cdk/aws-events": "1.161.0",
        "@aws-cdk/aws-iam": "1.161.0",
        "@aws-cdk/aws-kms": "1.161.0",
        "@aws-cdk/aws-logs": "1.161.0",
        "@aws-cdk/aws-s3": "1.161.0",
        "@aws-cdk/aws-s3-assets": "1.161.0",
        "@aws-cdk/aws-secretsmanager": "1.161.0",
        "@aws-cdk/core": "1.161.0",
        "@aws-cdk/region-info": "1.161.0",
        "constructs": "^3.3.69",
        "yaml": "1.10.2"
      },
      "dependencies": {
        "yaml": {
          "version": "1.10.2",
          "bundled": true
        }
      }
    },
    "@aws-cdk/aws-codecommit": {
      "version": "1.161.0",
      "resolved": "https://registry.npmjs.org/@aws-cdk/aws-codecommit/-/aws-codecommit-1.161.0.tgz",
      "integrity": "sha512-snbe4cjW6iR+8jYbL1iELWS4uozI4DmrQ+VFxWfOzlEzRwEzkz/Op/5FaUKFZwT65RH8rrrbxBPyLVdOAbFMAg==",
      "requires": {
        "@aws-cdk/aws-codestarnotifications": "1.161.0",
        "@aws-cdk/aws-events": "1.161.0",
        "@aws-cdk/aws-iam": "1.161.0",
        "@aws-cdk/aws-s3-assets": "1.161.0",
        "@aws-cdk/core": "1.161.0",
        "constructs": "^3.3.69"
      }
    },
    "@aws-cdk/aws-codedeploy": {
      "version": "1.161.0",
      "resolved": "https://registry.npmjs.org/@aws-cdk/aws-codedeploy/-/aws-codedeploy-1.161.0.tgz",
      "integrity": "sha512-qNfP2zoxuqQC5V8RrfOwIIP6YGNjIm2AbYYatkJbQHEejereIpWrMeMsZk+XzZ8vA61XVQz13sU8BTQmc2i+Sg==",
      "requires": {
        "@aws-cdk/aws-autoscaling": "1.161.0",
        "@aws-cdk/aws-cloudwatch": "1.161.0",
        "@aws-cdk/aws-ec2": "1.161.0",
        "@aws-cdk/aws-elasticloadbalancing": "1.161.0",
        "@aws-cdk/aws-elasticloadbalancingv2": "1.161.0",
        "@aws-cdk/aws-iam": "1.161.0",
        "@aws-cdk/aws-lambda": "1.161.0",
        "@aws-cdk/aws-s3": "1.161.0",
        "@aws-cdk/core": "1.161.0",
        "@aws-cdk/custom-resources": "1.161.0",
        "constructs": "^3.3.69"
      }
    },
    "@aws-cdk/aws-codeguruprofiler": {
      "version": "1.161.0",
      "resolved": "https://registry.npmjs.org/@aws-cdk/aws-codeguruprofiler/-/aws-codeguruprofiler-1.161.0.tgz",
      "integrity": "sha512-DSsjEh622AgKsKbUAJbp6+7FShEoHy5puJcmEVf7ZUEc/VD5NieBr/kx0/Bqt8lnehUGcIjxnJlAhAGkBeKd1g==",
      "requires": {
        "@aws-cdk/aws-iam": "1.161.0",
        "@aws-cdk/core": "1.161.0",
        "constructs": "^3.3.69"
      }
    },
    "@aws-cdk/aws-codepipeline": {
      "version": "1.161.0",
      "resolved": "https://registry.npmjs.org/@aws-cdk/aws-codepipeline/-/aws-codepipeline-1.161.0.tgz",
      "integrity": "sha512-9hMU2CD+Cv7EvksIxUYiZpobuXsrfnzigZ30wumSK9PO+0yEdbj+BDYeuWDFm1dZu2JgKpusmmQsUqqjbZe9pg==",
      "requires": {
        "@aws-cdk/aws-codestarnotifications": "1.161.0",
        "@aws-cdk/aws-events": "1.161.0",
        "@aws-cdk/aws-iam": "1.161.0",
        "@aws-cdk/aws-kms": "1.161.0",
        "@aws-cdk/aws-s3": "1.161.0",
        "@aws-cdk/core": "1.161.0",
        "constructs": "^3.3.69"
      }
    },
    "@aws-cdk/aws-codepipeline-actions": {
      "version": "1.161.0",
      "resolved": "https://registry.npmjs.org/@aws-cdk/aws-codepipeline-actions/-/aws-codepipeline-actions-1.161.0.tgz",
      "integrity": "sha512-OVbWoX4HwyAvhv2TIKYpV2VqutP1q+w4hT0a/OInDzFuTfJrVNHC/0NXXbwwCPvKP9IY0/qKMglQLc97eZ52kg==",
      "requires": {
        "@aws-cdk/aws-cloudformation": "1.161.0",
        "@aws-cdk/aws-codebuild": "1.161.0",
        "@aws-cdk/aws-codecommit": "1.161.0",
        "@aws-cdk/aws-codedeploy": "1.161.0",
        "@aws-cdk/aws-codepipeline": "1.161.0",
        "@aws-cdk/aws-ec2": "1.161.0",
        "@aws-cdk/aws-ecr": "1.161.0",
        "@aws-cdk/aws-ecs": "1.161.0",
        "@aws-cdk/aws-events": "1.161.0",
        "@aws-cdk/aws-events-targets": "1.161.0",
        "@aws-cdk/aws-iam": "1.161.0",
        "@aws-cdk/aws-kms": "1.161.0",
        "@aws-cdk/aws-lambda": "1.161.0",
        "@aws-cdk/aws-s3": "1.161.0",
        "@aws-cdk/aws-sns": "1.161.0",
        "@aws-cdk/aws-sns-subscriptions": "1.161.0",
        "@aws-cdk/aws-stepfunctions": "1.161.0",
        "@aws-cdk/core": "1.161.0",
        "case": "1.6.3",
        "constructs": "^3.3.69"
      },
      "dependencies": {
        "case": {
          "version": "1.6.3",
          "bundled": true
        }
      }
    },
    "@aws-cdk/aws-codestarnotifications": {
      "version": "1.161.0",
      "resolved": "https://registry.npmjs.org/@aws-cdk/aws-codestarnotifications/-/aws-codestarnotifications-1.161.0.tgz",
      "integrity": "sha512-au/ag+IWihrxxQdsxISCjIdCoQMfEp59qXt59ZDSMpWIRy1YdxyENr0A1ruKGIqprd0ZNiTFjI37BV5Cx22Hfw==",
      "requires": {
        "@aws-cdk/core": "1.161.0",
        "constructs": "^3.3.69"
      }
    },
    "@aws-cdk/aws-cognito": {
      "version": "1.161.0",
      "resolved": "https://registry.npmjs.org/@aws-cdk/aws-cognito/-/aws-cognito-1.161.0.tgz",
      "integrity": "sha512-i5WP0eXPyYv69AUqdgV8MLOWOdOEQeEEibkuYPGoUIAXvb+8Z4cKYPomkAUkw1quUIGAWyaj1HvdN6hGTEUSTA==",
      "requires": {
        "@aws-cdk/aws-certificatemanager": "1.161.0",
        "@aws-cdk/aws-iam": "1.161.0",
        "@aws-cdk/aws-kms": "1.161.0",
        "@aws-cdk/aws-lambda": "1.161.0",
        "@aws-cdk/core": "1.161.0",
        "@aws-cdk/custom-resources": "1.161.0",
        "constructs": "^3.3.69",
        "punycode": "^2.1.1"
      },
      "dependencies": {
        "punycode": {
          "version": "2.1.1",
          "bundled": true
        }
      }
    },
    "@aws-cdk/aws-ec2": {
      "version": "1.161.0",
      "resolved": "https://registry.npmjs.org/@aws-cdk/aws-ec2/-/aws-ec2-1.161.0.tgz",
      "integrity": "sha512-NmLbCXNFxTM/2XQe4tjAQVo1I1ZScaVnyqdB1TdMzRaXHvkBx/vZ1QmbNlYblgzzs8S0osF9eM9sIl823F//aw==",
      "requires": {
        "@aws-cdk/aws-cloudwatch": "1.161.0",
        "@aws-cdk/aws-iam": "1.161.0",
        "@aws-cdk/aws-kms": "1.161.0",
        "@aws-cdk/aws-logs": "1.161.0",
        "@aws-cdk/aws-s3": "1.161.0",
        "@aws-cdk/aws-s3-assets": "1.161.0",
        "@aws-cdk/aws-ssm": "1.161.0",
        "@aws-cdk/cloud-assembly-schema": "1.161.0",
        "@aws-cdk/core": "1.161.0",
        "@aws-cdk/cx-api": "1.161.0",
        "@aws-cdk/region-info": "1.161.0",
        "constructs": "^3.3.69"
      }
    },
    "@aws-cdk/aws-ecr": {
      "version": "1.161.0",
      "resolved": "https://registry.npmjs.org/@aws-cdk/aws-ecr/-/aws-ecr-1.161.0.tgz",
      "integrity": "sha512-S78PVzr6Fw3s2Z4CD+wpG8QbW9+amQxwxqageLGqubpp01SIgTe7t98lg3K52mlemCZl2E8xSXJYUhKbmFeqLg==",
      "requires": {
        "@aws-cdk/aws-events": "1.161.0",
        "@aws-cdk/aws-iam": "1.161.0",
        "@aws-cdk/aws-kms": "1.161.0",
        "@aws-cdk/core": "1.161.0",
        "constructs": "^3.3.69"
      }
    },
    "@aws-cdk/aws-ecr-assets": {
      "version": "1.161.0",
      "resolved": "https://registry.npmjs.org/@aws-cdk/aws-ecr-assets/-/aws-ecr-assets-1.161.0.tgz",
      "integrity": "sha512-4rC/oYNyrHyyYmbLjYX0UShpC/HCP/gc0VeKjFW/Aqj0iGAh4EDxwNuF/UKqvOG40WsQ5IzFmkhTG9SamRikwg==",
      "requires": {
        "@aws-cdk/assets": "1.161.0",
        "@aws-cdk/aws-ecr": "1.161.0",
        "@aws-cdk/aws-iam": "1.161.0",
        "@aws-cdk/aws-s3": "1.161.0",
        "@aws-cdk/core": "1.161.0",
        "@aws-cdk/cx-api": "1.161.0",
        "constructs": "^3.3.69"
      }
    },
    "@aws-cdk/aws-ecs": {
      "version": "1.161.0",
      "resolved": "https://registry.npmjs.org/@aws-cdk/aws-ecs/-/aws-ecs-1.161.0.tgz",
      "integrity": "sha512-DlHo3BR5wjBqU64EGWvVVJoZHhbyJvyeTezwdnFJJIzISl4fmqDjq3AQ0jvB5tHZWcU9hQ1Use2s5uwuT+aP7g==",
      "requires": {
        "@aws-cdk/aws-applicationautoscaling": "1.161.0",
        "@aws-cdk/aws-autoscaling": "1.161.0",
        "@aws-cdk/aws-autoscaling-hooktargets": "1.161.0",
        "@aws-cdk/aws-certificatemanager": "1.161.0",
        "@aws-cdk/aws-cloudwatch": "1.161.0",
        "@aws-cdk/aws-ec2": "1.161.0",
        "@aws-cdk/aws-ecr": "1.161.0",
        "@aws-cdk/aws-ecr-assets": "1.161.0",
        "@aws-cdk/aws-elasticloadbalancing": "1.161.0",
        "@aws-cdk/aws-elasticloadbalancingv2": "1.161.0",
        "@aws-cdk/aws-iam": "1.161.0",
        "@aws-cdk/aws-kms": "1.161.0",
        "@aws-cdk/aws-lambda": "1.161.0",
        "@aws-cdk/aws-logs": "1.161.0",
        "@aws-cdk/aws-route53": "1.161.0",
        "@aws-cdk/aws-route53-targets": "1.161.0",
        "@aws-cdk/aws-s3": "1.161.0",
        "@aws-cdk/aws-s3-assets": "1.161.0",
        "@aws-cdk/aws-secretsmanager": "1.161.0",
        "@aws-cdk/aws-servicediscovery": "1.161.0",
        "@aws-cdk/aws-sns": "1.161.0",
        "@aws-cdk/aws-sqs": "1.161.0",
        "@aws-cdk/aws-ssm": "1.161.0",
        "@aws-cdk/core": "1.161.0",
        "@aws-cdk/cx-api": "1.161.0",
        "constructs": "^3.3.69"
      }
    },
    "@aws-cdk/aws-efs": {
      "version": "1.161.0",
      "resolved": "https://registry.npmjs.org/@aws-cdk/aws-efs/-/aws-efs-1.161.0.tgz",
      "integrity": "sha512-GvHjk/McpXs6u2vjs6kkM1Wn89zlZT9hlUi8lnduMRfTxsJ31gHtL7xwaY5f8TnrDCdFt16ePRHqbFcMWo0zfA==",
      "requires": {
        "@aws-cdk/aws-ec2": "1.161.0",
        "@aws-cdk/aws-iam": "1.161.0",
        "@aws-cdk/aws-kms": "1.161.0",
        "@aws-cdk/cloud-assembly-schema": "1.161.0",
        "@aws-cdk/core": "1.161.0",
        "@aws-cdk/cx-api": "1.161.0",
        "constructs": "^3.3.69"
      }
    },
    "@aws-cdk/aws-elasticloadbalancing": {
      "version": "1.161.0",
      "resolved": "https://registry.npmjs.org/@aws-cdk/aws-elasticloadbalancing/-/aws-elasticloadbalancing-1.161.0.tgz",
      "integrity": "sha512-WPDyjFoV6dftHo0ri7ajbVa9OEnVkAeJwa7JywaaCDNygjlxWCRr9bstFscFGLcxikxjePZE87YZrom9mwOWrA==",
      "requires": {
        "@aws-cdk/aws-ec2": "1.161.0",
        "@aws-cdk/core": "1.161.0",
        "constructs": "^3.3.69"
      }
    },
    "@aws-cdk/aws-elasticloadbalancingv2": {
      "version": "1.161.0",
      "resolved": "https://registry.npmjs.org/@aws-cdk/aws-elasticloadbalancingv2/-/aws-elasticloadbalancingv2-1.161.0.tgz",
      "integrity": "sha512-IF8yZG/WEBpO/vbG6Qb5/xCmn3JR2bufDglQJDsSWQBekQJwcxzG+EviEYvjELNM5mxg2WbZGM7YTnxE0+S4kg==",
      "requires": {
        "@aws-cdk/aws-certificatemanager": "1.161.0",
        "@aws-cdk/aws-cloudwatch": "1.161.0",
        "@aws-cdk/aws-ec2": "1.161.0",
        "@aws-cdk/aws-iam": "1.161.0",
        "@aws-cdk/aws-lambda": "1.161.0",
        "@aws-cdk/aws-route53": "1.161.0",
        "@aws-cdk/aws-s3": "1.161.0",
        "@aws-cdk/cloud-assembly-schema": "1.161.0",
        "@aws-cdk/core": "1.161.0",
        "@aws-cdk/cx-api": "1.161.0",
        "@aws-cdk/region-info": "1.161.0",
        "constructs": "^3.3.69"
      }
    },
    "@aws-cdk/aws-events": {
      "version": "1.161.0",
      "resolved": "https://registry.npmjs.org/@aws-cdk/aws-events/-/aws-events-1.161.0.tgz",
      "integrity": "sha512-TOTVWb0w4sBmlfP02Mua7Dshw7HUSVci0i5MlW8Kf0ozh2dAzwc0idkwOh80FnqVu20+6GDJfSxOeBq+DeGoTw==",
      "requires": {
        "@aws-cdk/aws-iam": "1.161.0",
        "@aws-cdk/core": "1.161.0",
        "constructs": "^3.3.69"
      }
    },
    "@aws-cdk/aws-events-targets": {
      "version": "1.161.0",
      "resolved": "https://registry.npmjs.org/@aws-cdk/aws-events-targets/-/aws-events-targets-1.161.0.tgz",
      "integrity": "sha512-zfJEjis03dhmlK/NVY6cwKjqqy5cJZDbwAFldi/QbQcCC/mCgYeOK2tGFf5NmR9oCF4ddS/FGilF00kPHy3vqA==",
      "requires": {
        "@aws-cdk/aws-apigateway": "1.161.0",
        "@aws-cdk/aws-autoscaling": "1.161.0",
        "@aws-cdk/aws-codebuild": "1.161.0",
        "@aws-cdk/aws-codepipeline": "1.161.0",
        "@aws-cdk/aws-ec2": "1.161.0",
        "@aws-cdk/aws-ecs": "1.161.0",
        "@aws-cdk/aws-events": "1.161.0",
        "@aws-cdk/aws-iam": "1.161.0",
        "@aws-cdk/aws-kinesis": "1.161.0",
        "@aws-cdk/aws-kinesisfirehose": "1.161.0",
        "@aws-cdk/aws-kms": "1.161.0",
        "@aws-cdk/aws-lambda": "1.161.0",
        "@aws-cdk/aws-logs": "1.161.0",
        "@aws-cdk/aws-sns": "1.161.0",
        "@aws-cdk/aws-sns-subscriptions": "1.161.0",
        "@aws-cdk/aws-sqs": "1.161.0",
        "@aws-cdk/aws-stepfunctions": "1.161.0",
        "@aws-cdk/core": "1.161.0",
        "@aws-cdk/custom-resources": "1.161.0",
        "constructs": "^3.3.69"
      }
    },
    "@aws-cdk/aws-globalaccelerator": {
      "version": "1.161.0",
      "resolved": "https://registry.npmjs.org/@aws-cdk/aws-globalaccelerator/-/aws-globalaccelerator-1.161.0.tgz",
      "integrity": "sha512-f4q9G/K2FKWlsI1TXb+W0oZMX9oaqgtEAnvKeGDSlfgBJ/umFQapM8+pFyMCbkMazGWha6F+GPPtRT4yV/MCNA==",
      "requires": {
        "@aws-cdk/aws-ec2": "1.161.0",
        "@aws-cdk/core": "1.161.0",
        "@aws-cdk/custom-resources": "1.161.0",
        "constructs": "^3.3.69"
      }
    },
    "@aws-cdk/aws-iam": {
      "version": "1.161.0",
      "resolved": "https://registry.npmjs.org/@aws-cdk/aws-iam/-/aws-iam-1.161.0.tgz",
      "integrity": "sha512-rTgTNItgPEwjv8vqn3Xp+QKgzI2bkq22ps6T9CkOqzRZg6U0BDbeVMOmgHLo8N4zfA4GOWUc2QXJop7jotMUzQ==",
      "requires": {
        "@aws-cdk/core": "1.161.0",
        "@aws-cdk/cx-api": "1.161.0",
        "@aws-cdk/region-info": "1.161.0",
        "constructs": "^3.3.69"
      }
    },
    "@aws-cdk/aws-kinesis": {
      "version": "1.161.0",
      "resolved": "https://registry.npmjs.org/@aws-cdk/aws-kinesis/-/aws-kinesis-1.161.0.tgz",
      "integrity": "sha512-FxrqlcygqgwmbWks0ttbGDqgIZlYbFynf0VetF+c2DiVeAcAXvk4HeWoRF3MGMU2r2Bmmli822sVw3U5NfCkig==",
      "requires": {
        "@aws-cdk/aws-cloudwatch": "1.161.0",
        "@aws-cdk/aws-iam": "1.161.0",
        "@aws-cdk/aws-kms": "1.161.0",
        "@aws-cdk/aws-logs": "1.161.0",
        "@aws-cdk/core": "1.161.0",
        "constructs": "^3.3.69"
      }
    },
    "@aws-cdk/aws-kinesisfirehose": {
      "version": "1.161.0",
      "resolved": "https://registry.npmjs.org/@aws-cdk/aws-kinesisfirehose/-/aws-kinesisfirehose-1.161.0.tgz",
      "integrity": "sha512-g1SvvuSeH/nm485oLMxZaSC7lAgZIFzN/m1y2iSnmNuznobEWgpggXUSsJQ9c+gtuSuXXCPLG8qgNDGI8bPkuA==",
      "requires": {
        "@aws-cdk/aws-cloudwatch": "1.161.0",
        "@aws-cdk/aws-ec2": "1.161.0",
        "@aws-cdk/aws-iam": "1.161.0",
        "@aws-cdk/aws-kinesis": "1.161.0",
        "@aws-cdk/aws-kms": "1.161.0",
        "@aws-cdk/aws-lambda": "1.161.0",
        "@aws-cdk/aws-logs": "1.161.0",
        "@aws-cdk/aws-s3": "1.161.0",
        "@aws-cdk/core": "1.161.0",
        "@aws-cdk/region-info": "1.161.0",
        "constructs": "^3.3.69"
      }
    },
    "@aws-cdk/aws-kms": {
      "version": "1.161.0",
      "resolved": "https://registry.npmjs.org/@aws-cdk/aws-kms/-/aws-kms-1.161.0.tgz",
      "integrity": "sha512-edlA2vnLh4d4moBWfJScK80IZqrFQMv23g6AXAAZUlqaAn6Xrk70hePPe40tImqehkzMzhnDGxG0PBpkgIDvEg==",
      "requires": {
        "@aws-cdk/aws-iam": "1.161.0",
        "@aws-cdk/cloud-assembly-schema": "1.161.0",
        "@aws-cdk/core": "1.161.0",
        "@aws-cdk/cx-api": "1.161.0",
        "constructs": "^3.3.69"
      }
    },
    "@aws-cdk/aws-lambda": {
      "version": "1.161.0",
      "resolved": "https://registry.npmjs.org/@aws-cdk/aws-lambda/-/aws-lambda-1.161.0.tgz",
      "integrity": "sha512-EFUn4O3sFVLDbdcuOYk00JFzRn4nC2ytl4kY3e7imQOWAmzWJEvRmwpE1b+2Pjj7uyk6BHCIhO4AXiIq+Y5xpg==",
      "requires": {
        "@aws-cdk/aws-applicationautoscaling": "1.161.0",
        "@aws-cdk/aws-cloudwatch": "1.161.0",
        "@aws-cdk/aws-codeguruprofiler": "1.161.0",
        "@aws-cdk/aws-ec2": "1.161.0",
        "@aws-cdk/aws-ecr": "1.161.0",
        "@aws-cdk/aws-ecr-assets": "1.161.0",
        "@aws-cdk/aws-efs": "1.161.0",
        "@aws-cdk/aws-events": "1.161.0",
        "@aws-cdk/aws-iam": "1.161.0",
        "@aws-cdk/aws-kms": "1.161.0",
        "@aws-cdk/aws-logs": "1.161.0",
        "@aws-cdk/aws-s3": "1.161.0",
        "@aws-cdk/aws-s3-assets": "1.161.0",
        "@aws-cdk/aws-signer": "1.161.0",
        "@aws-cdk/aws-sns": "1.161.0",
        "@aws-cdk/aws-sqs": "1.161.0",
        "@aws-cdk/core": "1.161.0",
        "@aws-cdk/cx-api": "1.161.0",
        "@aws-cdk/region-info": "1.161.0",
        "constructs": "^3.3.69"
      }
    },
    "@aws-cdk/aws-logs": {
      "version": "1.161.0",
      "resolved": "https://registry.npmjs.org/@aws-cdk/aws-logs/-/aws-logs-1.161.0.tgz",
      "integrity": "sha512-Eq6Wxj2typBYtGIyXbbeXjUvnzsGndrUrDeN2EXCt4PZ2Y99uFeDfO/QaZ2DKTZLUuWcLV9vLxBOs7GUnI+TVw==",
      "requires": {
        "@aws-cdk/aws-cloudwatch": "1.161.0",
        "@aws-cdk/aws-iam": "1.161.0",
        "@aws-cdk/aws-kms": "1.161.0",
        "@aws-cdk/aws-s3-assets": "1.161.0",
        "@aws-cdk/core": "1.161.0",
        "@aws-cdk/cx-api": "1.161.0",
        "constructs": "^3.3.69"
      }
    },
    "@aws-cdk/aws-route53": {
      "version": "1.161.0",
      "resolved": "https://registry.npmjs.org/@aws-cdk/aws-route53/-/aws-route53-1.161.0.tgz",
      "integrity": "sha512-kkMjy6N/e9BodylEI1zJttNhEEIjUsozSAx599ENLH0FpdS6pOB2pd0UCsFKPZTyjA36yM3RFPmKGzdJmvDezg==",
      "requires": {
        "@aws-cdk/aws-ec2": "1.161.0",
        "@aws-cdk/aws-iam": "1.161.0",
        "@aws-cdk/aws-logs": "1.161.0",
        "@aws-cdk/cloud-assembly-schema": "1.161.0",
        "@aws-cdk/core": "1.161.0",
        "@aws-cdk/custom-resources": "1.161.0",
        "constructs": "^3.3.69"
      }
    },
    "@aws-cdk/aws-route53-targets": {
      "version": "1.161.0",
      "resolved": "https://registry.npmjs.org/@aws-cdk/aws-route53-targets/-/aws-route53-targets-1.161.0.tgz",
      "integrity": "sha512-NtaRs3uX/J0px5L6Ct9v21B7Xy9Mc2D4YB0BS2X/X+ko2pd9uqCeiWvk5YnwIW/4ni8cIpyPpM7LldhDag8dtQ==",
      "requires": {
        "@aws-cdk/aws-apigateway": "1.161.0",
        "@aws-cdk/aws-cloudfront": "1.161.0",
        "@aws-cdk/aws-cognito": "1.161.0",
        "@aws-cdk/aws-ec2": "1.161.0",
        "@aws-cdk/aws-elasticloadbalancing": "1.161.0",
        "@aws-cdk/aws-elasticloadbalancingv2": "1.161.0",
        "@aws-cdk/aws-globalaccelerator": "1.161.0",
        "@aws-cdk/aws-iam": "1.161.0",
        "@aws-cdk/aws-route53": "1.161.0",
        "@aws-cdk/aws-s3": "1.161.0",
        "@aws-cdk/core": "1.161.0",
        "@aws-cdk/region-info": "1.161.0",
        "constructs": "^3.3.69"
      }
    },
    "@aws-cdk/aws-s3": {
      "version": "1.161.0",
      "resolved": "https://registry.npmjs.org/@aws-cdk/aws-s3/-/aws-s3-1.161.0.tgz",
      "integrity": "sha512-8HNxaUxEn5dWQQu8yi2jqe3zxtKaHEgPdCK44TiaDxa0WdQ/UYNW6YlN8KB/DenhdehoXuXl8qc1B4NVfUNJHQ==",
      "requires": {
        "@aws-cdk/aws-events": "1.161.0",
        "@aws-cdk/aws-iam": "1.161.0",
        "@aws-cdk/aws-kms": "1.161.0",
        "@aws-cdk/core": "1.161.0",
        "@aws-cdk/cx-api": "1.161.0",
        "constructs": "^3.3.69"
      }
    },
    "@aws-cdk/aws-s3-assets": {
      "version": "1.161.0",
      "resolved": "https://registry.npmjs.org/@aws-cdk/aws-s3-assets/-/aws-s3-assets-1.161.0.tgz",
      "integrity": "sha512-OXQfSP/EkbhLXVDPcnIO8eW2rqpAWR7zsWt6BRIb2DDkD0TwhQE3psEhYINOZdN1NMu0crwjNmolLpAX873Ssw==",
      "requires": {
        "@aws-cdk/assets": "1.161.0",
        "@aws-cdk/aws-iam": "1.161.0",
        "@aws-cdk/aws-kms": "1.161.0",
        "@aws-cdk/aws-s3": "1.161.0",
        "@aws-cdk/core": "1.161.0",
        "@aws-cdk/cx-api": "1.161.0",
        "constructs": "^3.3.69"
      }
    },
    "@aws-cdk/aws-sam": {
      "version": "1.161.0",
      "resolved": "https://registry.npmjs.org/@aws-cdk/aws-sam/-/aws-sam-1.161.0.tgz",
      "integrity": "sha512-7FczVY4GuMwXXEirNvpC2lQHd5AUKtMzujwNzXYH8sji6KQ22qLDrYFIyMmQ9ZKHn7jwtXFs2O8tQV40P4hDAg==",
      "requires": {
        "@aws-cdk/core": "1.161.0",
        "constructs": "^3.3.69"
      }
    },
    "@aws-cdk/aws-secretsmanager": {
      "version": "1.161.0",
      "resolved": "https://registry.npmjs.org/@aws-cdk/aws-secretsmanager/-/aws-secretsmanager-1.161.0.tgz",
      "integrity": "sha512-HUVR8yvRAhj3wed3In3Kq21Yc2tfbL+J7HC8N37w1RK3EZsITIqS0n0NLuGdcW+lMc2vBDa0VFO66BxSP7Ahbw==",
      "requires": {
        "@aws-cdk/aws-ec2": "1.161.0",
        "@aws-cdk/aws-iam": "1.161.0",
        "@aws-cdk/aws-kms": "1.161.0",
        "@aws-cdk/aws-lambda": "1.161.0",
        "@aws-cdk/aws-sam": "1.161.0",
        "@aws-cdk/core": "1.161.0",
        "@aws-cdk/cx-api": "1.161.0",
        "constructs": "^3.3.69"
      }
    },
    "@aws-cdk/aws-servicediscovery": {
      "version": "1.161.0",
      "resolved": "https://registry.npmjs.org/@aws-cdk/aws-servicediscovery/-/aws-servicediscovery-1.161.0.tgz",
      "integrity": "sha512-6ffWckzxzkaF0SKfOr2iMa9/MljhUB+FbEO1ZyEs4w+cKSyGBK3pd6Kaz/G2HfF0g/WylMy9V7MGxvNk/l0ccw==",
      "requires": {
        "@aws-cdk/aws-ec2": "1.161.0",
        "@aws-cdk/aws-elasticloadbalancingv2": "1.161.0",
        "@aws-cdk/aws-route53": "1.161.0",
        "@aws-cdk/core": "1.161.0",
        "constructs": "^3.3.69"
      }
    },
    "@aws-cdk/aws-signer": {
      "version": "1.161.0",
      "resolved": "https://registry.npmjs.org/@aws-cdk/aws-signer/-/aws-signer-1.161.0.tgz",
      "integrity": "sha512-u6c2vqLePqJzDGS7zU9Pd3eu6x1wWeFJ+DfOId8yL88BOGezerEquaKgnVepJ3djJcD+yOMAlu8xF2hFtE+WNw==",
      "requires": {
        "@aws-cdk/core": "1.161.0",
        "constructs": "^3.3.69"
      }
    },
    "@aws-cdk/aws-sns": {
      "version": "1.161.0",
      "resolved": "https://registry.npmjs.org/@aws-cdk/aws-sns/-/aws-sns-1.161.0.tgz",
      "integrity": "sha512-AYcNzw6T1EJewi55qP2N+qfN6nZOknBsX6vp2ILkrwCPn3OYGBI3/u2oF98TYtsb8dKuFe49FgWRHlGoPgzc0g==",
      "requires": {
        "@aws-cdk/aws-cloudwatch": "1.161.0",
        "@aws-cdk/aws-codestarnotifications": "1.161.0",
        "@aws-cdk/aws-events": "1.161.0",
        "@aws-cdk/aws-iam": "1.161.0",
        "@aws-cdk/aws-kms": "1.161.0",
        "@aws-cdk/aws-sqs": "1.161.0",
        "@aws-cdk/core": "1.161.0",
        "constructs": "^3.3.69"
      }
    },
    "@aws-cdk/aws-sns-subscriptions": {
      "version": "1.161.0",
      "resolved": "https://registry.npmjs.org/@aws-cdk/aws-sns-subscriptions/-/aws-sns-subscriptions-1.161.0.tgz",
      "integrity": "sha512-H6d+TIyjpIhvl/Jfn4qwAFiB287WW1+SEUpFPE1V91TCt0MWdC+sHAxirfydZAybxumAc6NUPkOssAzr58A4eg==",
      "requires": {
        "@aws-cdk/aws-iam": "1.161.0",
        "@aws-cdk/aws-kms": "1.161.0",
        "@aws-cdk/aws-lambda": "1.161.0",
        "@aws-cdk/aws-sns": "1.161.0",
        "@aws-cdk/aws-sqs": "1.161.0",
        "@aws-cdk/core": "1.161.0",
        "constructs": "^3.3.69"
      }
    },
    "@aws-cdk/aws-sqs": {
      "version": "1.161.0",
      "resolved": "https://registry.npmjs.org/@aws-cdk/aws-sqs/-/aws-sqs-1.161.0.tgz",
      "integrity": "sha512-ub3wU9wyAFB8bXktnpdfMy6u2ZVpKRE8T7SrDiQhL/ZmHH9b+XvswU32FCQj7ph2vGI1j9x5kGiYrJeWlxv4Xw==",
      "requires": {
        "@aws-cdk/aws-cloudwatch": "1.161.0",
        "@aws-cdk/aws-iam": "1.161.0",
        "@aws-cdk/aws-kms": "1.161.0",
        "@aws-cdk/core": "1.161.0",
        "constructs": "^3.3.69"
      }
    },
    "@aws-cdk/aws-ssm": {
      "version": "1.161.0",
      "resolved": "https://registry.npmjs.org/@aws-cdk/aws-ssm/-/aws-ssm-1.161.0.tgz",
      "integrity": "sha512-y0jcwSCrWVtUpZ127zRrVswQfT7xTkBD4ohywymNmR1I3OvIpREZzELWWFrero4f92FeAYyPusRhT7CVXmKIag==",
      "requires": {
        "@aws-cdk/aws-iam": "1.161.0",
        "@aws-cdk/aws-kms": "1.161.0",
        "@aws-cdk/cloud-assembly-schema": "1.161.0",
        "@aws-cdk/core": "1.161.0",
        "constructs": "^3.3.69"
      }
    },
    "@aws-cdk/aws-stepfunctions": {
      "version": "1.161.0",
      "resolved": "https://registry.npmjs.org/@aws-cdk/aws-stepfunctions/-/aws-stepfunctions-1.161.0.tgz",
      "integrity": "sha512-9mHmXinGAbobaRQWy1BAZCKVSL57JiKgooW0mF4Qa2aftDqTlIu3/Q36L2phzwvCI/w04TXRui6vELXT7DkFEQ==",
      "requires": {
        "@aws-cdk/aws-cloudwatch": "1.161.0",
        "@aws-cdk/aws-events": "1.161.0",
        "@aws-cdk/aws-iam": "1.161.0",
        "@aws-cdk/aws-logs": "1.161.0",
        "@aws-cdk/aws-s3": "1.161.0",
        "@aws-cdk/core": "1.161.0",
        "constructs": "^3.3.69"
      }
    },
    "@aws-cdk/cloud-assembly-schema": {
      "version": "1.161.0",
      "resolved": "https://registry.npmjs.org/@aws-cdk/cloud-assembly-schema/-/cloud-assembly-schema-1.161.0.tgz",
      "integrity": "sha512-TCrzdtjuG/5XdfgAs8t/5Epc269KolH5jerN4+Ul3qHb4Eb6HgNlcx30Bv3Jer5CYBAwOI4+fbFVTiY3xOOFEA==",
      "requires": {
        "jsonschema": "^1.4.1",
        "semver": "^7.3.7"
      },
      "dependencies": {
        "jsonschema": {
          "version": "1.4.1",
          "bundled": true
        },
        "lru-cache": {
          "version": "6.0.0",
          "bundled": true,
          "requires": {
            "yallist": "^4.0.0"
          }
        },
        "semver": {
          "version": "7.3.7",
          "bundled": true,
          "requires": {
            "lru-cache": "^6.0.0"
          }
        },
        "yallist": {
          "version": "4.0.0",
          "bundled": true
        }
      }
    },
    "@aws-cdk/core": {
      "version": "1.161.0",
      "resolved": "https://registry.npmjs.org/@aws-cdk/core/-/core-1.161.0.tgz",
      "integrity": "sha512-xyZI2Wt+1R6SZ3EsJfPgphdb0sqvKfzZy8vdBYqFnfoDK7GuM45BjvDjKhc+fDlHc5Ou3GSkzIFnbPtwrLfJNA==",
      "requires": {
        "@aws-cdk/cloud-assembly-schema": "1.161.0",
        "@aws-cdk/cx-api": "1.161.0",
        "@aws-cdk/region-info": "1.161.0",
        "@balena/dockerignore": "^1.0.2",
        "constructs": "^3.3.69",
        "fs-extra": "^9.1.0",
        "ignore": "^5.2.0",
        "minimatch": "^3.1.2"
      },
      "dependencies": {
        "@balena/dockerignore": {
          "version": "1.0.2",
          "bundled": true
        },
        "at-least-node": {
          "version": "1.0.0",
          "bundled": true
        },
        "balanced-match": {
          "version": "1.0.2",
          "bundled": true
        },
        "brace-expansion": {
          "version": "1.1.11",
          "bundled": true,
          "requires": {
            "balanced-match": "^1.0.0",
            "concat-map": "0.0.1"
          }
        },
        "concat-map": {
          "version": "0.0.1",
          "bundled": true
        },
        "fs-extra": {
          "version": "9.1.0",
          "bundled": true,
          "requires": {
            "at-least-node": "^1.0.0",
            "graceful-fs": "^4.2.0",
            "jsonfile": "^6.0.1",
            "universalify": "^2.0.0"
          }
        },
        "graceful-fs": {
          "version": "4.2.10",
          "bundled": true
        },
        "ignore": {
          "version": "5.2.0",
          "bundled": true
        },
        "jsonfile": {
          "version": "6.1.0",
          "bundled": true,
          "requires": {
            "graceful-fs": "^4.1.6",
            "universalify": "^2.0.0"
          }
        },
        "minimatch": {
          "version": "3.1.2",
          "bundled": true,
          "requires": {
            "brace-expansion": "^1.1.7"
          }
        },
        "universalify": {
          "version": "2.0.0",
          "bundled": true
        }
      }
    },
    "@aws-cdk/custom-resources": {
      "version": "1.161.0",
      "resolved": "https://registry.npmjs.org/@aws-cdk/custom-resources/-/custom-resources-1.161.0.tgz",
      "integrity": "sha512-AHnnP1IHZ3o4R2fXzO9kU33LOLcpSsCjB+r5+y0WvaLOELkw1OW//tM3fNz/oJ1TnApaDN3UmgBk4uY7PNNWNw==",
      "requires": {
        "@aws-cdk/aws-cloudformation": "1.161.0",
        "@aws-cdk/aws-ec2": "1.161.0",
        "@aws-cdk/aws-iam": "1.161.0",
        "@aws-cdk/aws-lambda": "1.161.0",
        "@aws-cdk/aws-logs": "1.161.0",
        "@aws-cdk/aws-sns": "1.161.0",
        "@aws-cdk/core": "1.161.0",
        "constructs": "^3.3.69"
      }
    },
    "@aws-cdk/cx-api": {
      "version": "1.161.0",
      "resolved": "https://registry.npmjs.org/@aws-cdk/cx-api/-/cx-api-1.161.0.tgz",
      "integrity": "sha512-nGA3twiT4/mix4/U7tNvGkNLW9g4YlLsarMMjN0VusqYs8hSbTK0SNX8pHDeAy+naAcYCR/cpuLSA2ZeEV5m+A==",
      "requires": {
        "@aws-cdk/cloud-assembly-schema": "1.161.0",
        "semver": "^7.3.7"
      },
      "dependencies": {
        "lru-cache": {
          "version": "6.0.0",
          "bundled": true,
          "requires": {
            "yallist": "^4.0.0"
          }
        },
        "semver": {
          "version": "7.3.7",
          "bundled": true,
          "requires": {
            "lru-cache": "^6.0.0"
          }
        },
        "yallist": {
          "version": "4.0.0",
          "bundled": true
        }
      }
    },
    "@aws-cdk/region-info": {
      "version": "1.161.0",
      "resolved": "https://registry.npmjs.org/@aws-cdk/region-info/-/region-info-1.161.0.tgz",
      "integrity": "sha512-Hk09j0T+WOS6xXxioyeI90Nv5dKCfCSFyKoyBT69dUZ4ElXfh8LkJt6bzuLVTGkieAlTlaIc+/AxsKRJfAQM4Q=="
    },
    "@types/node": {
      "version": "10.17.27",
      "resolved": "https://registry.npmjs.org/@types/node/-/node-10.17.27.tgz",
      "integrity": "sha512-J0oqm9ZfAXaPdwNXMMgAhylw5fhmXkToJd06vuDUSAgEDZ/n/69/69UmyBZbc+zT34UnShuDSBqvim3SPnozJg==",
      "dev": true
    },
    "arg": {
      "version": "4.1.3",
      "resolved": "https://registry.npmjs.org/arg/-/arg-4.1.3.tgz",
      "integrity": "sha512-58S9QDqG0Xx27YwPSt9fJxivjYl432YCwfDMfZ+71RAqUrZef7LrKQZ3LHLOwCS4FLNBplP533Zx895SeOCHvA==",
      "dev": true
    },
    "aws-cdk": {
      "version": "1.161.0",
      "resolved": "https://registry.npmjs.org/aws-cdk/-/aws-cdk-1.161.0.tgz",
      "integrity": "sha512-77upcBrOoI1gHits59rFCYqOGNYmhsWwEOcYb8BUmjQyfn4UzImYLwKc7c81ZPENeQLwY52xY2n08iw+dAGvPA==",
      "requires": {
        "fsevents": "2.3.2"
      }
    },
    "buffer-from": {
      "version": "1.1.2",
      "resolved": "https://registry.npmjs.org/buffer-from/-/buffer-from-1.1.2.tgz",
      "integrity": "sha512-E+XQCRwSbaaiChtv6k6Dwgc+bx+Bs6vuKJHHl5kox/BaKbhiXzqQOwK4cO22yElGp2OCmjwVhT3HmxgyPGnJfQ=="
    },
    "constructs": {
      "version": "3.4.39",
      "resolved": "https://registry.npmjs.org/constructs/-/constructs-3.4.39.tgz",
      "integrity": "sha512-tj2m8GUD155rwQXmfHMZvMtBwexTEU4m7rxVkNWSShl1bkhyYV8gVi8hrrG8MtSiizkz4FheYPlkU+O3YIEo/w=="
    },
    "create-require": {
      "version": "1.1.1",
      "resolved": "https://registry.npmjs.org/create-require/-/create-require-1.1.1.tgz",
      "integrity": "sha512-dcKFX3jn0MpIaXjisoRvexIJVEKzaq7z2rZKxf+MSr9TkdmHmsU4m2lcLojrj/FHl8mk5VxMmYA+ftRkP/3oKQ==",
      "dev": true
    },
    "fsevents": {
      "version": "2.3.2",
      "resolved": "https://registry.npmjs.org/fsevents/-/fsevents-2.3.2.tgz",
      "integrity": "sha512-xiqMQR4xAeHTuB9uWm+fFRcIOgKBMiOBP+eXiyT7jsgVCq1bkVygt00oASowB7EdtpOHaaPgKt812P9ab+DDKA==",
      "optional": true
    },
    "make-error": {
      "version": "1.3.6",
      "resolved": "https://registry.npmjs.org/make-error/-/make-error-1.3.6.tgz",
      "integrity": "sha512-s8UhlNe7vPKomQhC1qFelMokr/Sc3AgNbso3n74mVPA5LTZwkB9NlXf4XPamLxJE8h0gh73rM94xvwRT2CVInw==",
      "dev": true
    },
    "source-map": {
      "version": "0.6.1",
      "resolved": "https://registry.npmjs.org/source-map/-/source-map-0.6.1.tgz",
      "integrity": "sha512-UjgapumWlbMhkBgzT7Ykc5YXUT46F0iKu8SGXq0bcwP5dz/h0Plj6enJqjz1Zbq2l5WaqYnrVbwWOWMyF3F47g=="
    },
    "source-map-support": {
      "version": "0.5.20",
      "resolved": "https://registry.npmjs.org/source-map-support/-/source-map-support-0.5.20.tgz",
      "integrity": "sha512-n1lZZ8Ve4ksRqizaBQgxXDgKwttHDhyfQjA6YZZn8+AroHbsIz+JjwxQDxbp+7y5OYCI8t1Yk7etjD9CRd2hIw==",
      "requires": {
        "buffer-from": "^1.0.0",
        "source-map": "^0.6.0"
      }
    },
    "ts-node": {
      "version": "9.1.1",
      "resolved": "https://registry.npmjs.org/ts-node/-/ts-node-9.1.1.tgz",
      "integrity": "sha512-hPlt7ZACERQGf03M253ytLY3dHbGNGrAq9qIHWUY9XHYl1z7wYngSr3OQ5xmui8o2AaxsONxIzjafLUiWBo1Fg==",
      "dev": true,
      "requires": {
        "arg": "^4.1.0",
        "create-require": "^1.1.0",
        "diff": "^4.0.1",
        "make-error": "^1.1.1",
        "source-map-support": "^0.5.17",
        "yn": "3.1.1"
      },
      "dependencies": {
        "diff": {
          "version": "4.0.2",
          "resolved": "https://registry.npmjs.org/diff/-/diff-4.0.2.tgz",
          "integrity": "sha512-58lmxKSA4BNyLz+HHMUzlOEpg09FV+ev6ZMe3vJihgdxzgcwZ8VoEEPmALCZG9LmqfVoNMMKpttIYTVG6uDY7A==",
          "dev": true
        }
      }
    },
    "typescript": {
      "version": "3.9.10",
      "resolved": "https://registry.npmjs.org/typescript/-/typescript-3.9.10.tgz",
      "integrity": "sha512-w6fIxVE/H1PkLKcCPsFqKE7Kv7QUwhU8qQY2MueZXWx5cPZdwFupLgKK3vntcK98BtNHZtAF4LA/yl2a7k8R6Q==",
      "dev": true
    },
    "yn": {
      "version": "3.1.1",
      "resolved": "https://registry.npmjs.org/yn/-/yn-3.1.1.tgz",
      "integrity": "sha512-Ux4ygGWsu2c7isFWe8Yu1YluJmqVhxqK2cLXNQA5AcC3QfbGNpM7fu0Y8b/z16pXLnFxZYvWhd3fhBY9DLmC6Q==",
      "dev": true
    }
  }
}
